
Microsoft Visual Studio Solution File, Format Version 12.00
# Visual Studio 15
VisualStudioVersion = 15.0.27428.2015
MinimumVisualStudioVersion = 10.0.40219.1
Project("{2150E333-8FDC-42A3-9474-1A3956D46DE8}") = "1-Infrastructure", "1-Infrastructure", "{75EC5850-E7B8-4941-9332-4C6B84A313B1}"
EndProject
Project("{2150E333-8FDC-42A3-9474-1A3956D46DE8}") = "0-Document", "0-Document", "{F806C7DC-CD9E-45E3-8591-8A9F94D362E4}"
EndProject
Project("{2150E333-8FDC-42A3-9474-1A3956D46DE8}") = "3-Application", "3-Application", "{7C402418-EC24-47ED-87A8-F43868B306F3}"
EndProject
Project("{2150E333-8FDC-42A3-9474-1A3956D46DE8}") = "2-Domain", "2-Domain", "{8E6460CC-C7FC-42EF-9668-1A2377A9C99F}"
EndProject
Project("{9A19103F-16F7-4668-BE54-9A1E7A4F7556}") = "H.SPS.Common", "H.SPS.Common\H.SPS.Common.csproj", "{1670AC2E-844F-4428-8C5E-A978FC058297}"
EndProject
Project("{9A19103F-16F7-4668-BE54-9A1E7A4F7556}") = "H.SPS.CommonService", "H.SPS.BusinessService\H.SPS.CommonService.csproj", "{D1F27FA3-7A29-4851-A89F-774C1B63E9A4}"
EndProject
Project("{9A19103F-16F7-4668-BE54-9A1E7A4F7556}") = "H.SPS.WinServiceHost", "H.SPS.WinServiceHost\H.SPS.WinServiceHost.csproj", "{3C7AAE5C-41DD-4CA6-862D-716B39C5FD6F}"
EndProject
Project("{9A19103F-16F7-4668-BE54-9A1E7A4F7556}") = "H.SPS.Model", "H.SPS.Model\H.SPS.Model.csproj", "{F9EFAE37-3030-4B36-BDCA-AB4B7C12F471}"
EndProject
Project("{9A19103F-16F7-4668-BE54-9A1E7A4F7556}") = "H.SPS.IRepositories", "H.SPS.RepositoryInterface\H.SPS.IRepositories.csproj", "{39045785-D569-44CE-89AB-F4EC29024D6B}"
EndProject
Project("{9A19103F-16F7-4668-BE54-9A1E7A4F7556}") = "H.SPS.Repositories", "H.SPS.Repositories\H.SPS.Repositories.csproj", "{4EBE1115-CB74-488F-A98A-09616068ACBF}"
EndProject
Project("{9A19103F-16F7-4668-BE54-9A1E7A4F7556}") = "H.SPS.DTO", "H.SPS.DTO\H.SPS.DTO.csproj", "{DF6E25E7-C4D4-42FC-84A4-C57F43F3D4CB}"
EndProject
Project("{2150E333-8FDC-42A3-9474-1A3956D46DE8}") = "Services", "Services", "{96026340-114B-4612-902D-80970E958E8B}"
EndProject
Global
	GlobalSection(SolutionConfigurationPlatforms) = preSolution
		Debug|Any CPU = Debug|Any CPU
		Release|Any CPU = Release|Any CPU
	EndGlobalSection
	GlobalSection(ProjectConfigurationPlatforms) = postSolution
		{1670AC2E-844F-4428-8C5E-A978FC058297}.Debug|Any CPU.ActiveCfg = Debug|Any CPU
		{1670AC2E-844F-4428-8C5E-A978FC058297}.Debug|Any CPU.Build.0 = Debug|Any CPU
		{1670AC2E-844F-4428-8C5E-A978FC058297}.Release|Any CPU.ActiveCfg = Release|Any CPU
		{1670AC2E-844F-4428-8C5E-A978FC058297}.Release|Any CPU.Build.0 = Release|Any CPU
		{D1F27FA3-7A29-4851-A89F-774C1B63E9A4}.Debug|Any CPU.ActiveCfg = Debug|Any CPU
		{D1F27FA3-7A29-4851-A89F-774C1B63E9A4}.Debug|Any CPU.Build.0 = Debug|Any CPU
		{D1F27FA3-7A29-4851-A89F-774C1B63E9A4}.Release|Any CPU.ActiveCfg = Release|Any CPU
		{D1F27FA3-7A29-4851-A89F-774C1B63E9A4}.Release|Any CPU.Build.0 = Release|Any CPU
		{3C7AAE5C-41DD-4CA6-862D-716B39C5FD6F}.Debug|Any CPU.ActiveCfg = Debug|Any CPU
		{3C7AAE5C-41DD-4CA6-862D-716B39C5FD6F}.Debug|Any CPU.Build.0 = Debug|Any CPU
		{3C7AAE5C-41DD-4CA6-862D-716B39C5FD6F}.Release|Any CPU.ActiveCfg = Release|Any CPU
		{3C7AAE5C-41DD-4CA6-862D-716B39C5FD6F}.Release|Any CPU.Build.0 = Release|Any CPU
		{F9EFAE37-3030-4B36-BDCA-AB4B7C12F471}.Debug|Any CPU.ActiveCfg = Debug|Any CPU
		{F9EFAE37-3030-4B36-BDCA-AB4B7C12F471}.Debug|Any CPU.Build.0 = Debug|Any CPU
		{F9EFAE37-3030-4B36-BDCA-AB4B7C12F471}.Release|Any CPU.ActiveCfg = Release|Any CPU
		{F9EFAE37-3030-4B36-BDCA-AB4B7C12F471}.Release|Any CPU.Build.0 = Release|Any CPU
		{39045785-D569-44CE-89AB-F4EC29024D6B}.Debug|Any CPU.ActiveCfg = Debug|Any CPU
		{39045785-D569-44CE-89AB-F4EC29024D6B}.Debug|Any CPU.Build.0 = Debug|Any CPU
		{39045785-D569-44CE-89AB-F4EC29024D6B}.Release|Any CPU.ActiveCfg = Release|Any CPU
		{39045785-D569-44CE-89AB-F4EC29024D6B}.Release|Any CPU.Build.0 = Release|Any CPU
		{4EBE1115-CB74-488F-A98A-09616068ACBF}.Debug|Any CPU.ActiveCfg = Debug|Any CPU
		{4EBE1115-CB74-488F-A98A-09616068ACBF}.Debug|Any CPU.Build.0 = Debug|Any CPU
		{4EBE1115-CB74-488F-A98A-09616068ACBF}.Release|Any CPU.ActiveCfg = Release|Any CPU
		{4EBE1115-CB74-488F-A98A-09616068ACBF}.Release|Any CPU.Build.0 = Release|Any CPU
		{DF6E25E7-C4D4-42FC-84A4-C57F43F3D4CB}.Debug|Any CPU.ActiveCfg = Debug|Any CPU
		{DF6E25E7-C4D4-42FC-84A4-C57F43F3D4CB}.Debug|Any CPU.Build.0 = Debug|Any CPU
		{DF6E25E7-C4D4-42FC-84A4-C57F43F3D4CB}.Release|Any CPU.ActiveCfg = Release|Any CPU
		{DF6E25E7-C4D4-42FC-84A4-C57F43F3D4CB}.Release|Any CPU.Build.0 = Release|Any CPU
	EndGlobalSection
	GlobalSection(SolutionProperties) = preSolution
		HideSolutionNode = FALSE
	EndGlobalSection
	GlobalSection(NestedProjects) = preSolution
		{1670AC2E-844F-4428-8C5E-A978FC058297} = {75EC5850-E7B8-4941-9332-4C6B84A313B1}
		{D1F27FA3-7A29-4851-A89F-774C1B63E9A4} = {96026340-114B-4612-902D-80970E958E8B}
		{3C7AAE5C-41DD-4CA6-862D-716B39C5FD6F} = {7C402418-EC24-47ED-87A8-F43868B306F3}
		{F9EFAE37-3030-4B36-BDCA-AB4B7C12F471} = {8E6460CC-C7FC-42EF-9668-1A2377A9C99F}
		{39045785-D569-44CE-89AB-F4EC29024D6B} = {8E6460CC-C7FC-42EF-9668-1A2377A9C99F}
		{4EBE1115-CB74-488F-A98A-09616068ACBF} = {75EC5850-E7B8-4941-9332-4C6B84A313B1}
		{DF6E25E7-C4D4-42FC-84A4-C57F43F3D4CB} = {75EC5850-E7B8-4941-9332-4C6B84A313B1}
		{96026340-114B-4612-902D-80970E958E8B} = {8E6460CC-C7FC-42EF-9668-1A2377A9C99F}
	EndGlobalSection
	GlobalSection(ExtensibilityGlobals) = postSolution
		SolutionGuid = {8F4333C7-4868-4C15-B348-A218D3392838}
	EndGlobalSection
EndGlobal
