
Microsoft Visual Studio Solution File, Format Version 12.00
# Visual Studio 15
VisualStudioVersion = 15.0.27428.2015
MinimumVisualStudioVersion = 10.0.40219.1
Project("{9A19103F-16F7-4668-BE54-9A1E7A4F7556}") = "H.SPS.BusinessService", "JIESHUN.SST.BusinessService\H.SPS.BusinessService.csproj", "{2FE04FAC-1FFE-4EE5-BDAD-5212B90F787B}"
EndProject
Project("{9A19103F-16F7-4668-BE54-9A1E7A4F7556}") = "H.SPS.WinServiceHost", "JIESHUN.SST.WinServiceHost\H.SPS.WinServiceHost.csproj", "{ED3DBE04-542C-4F89-9092-950D39EEF1C9}"
EndProject
Project("{9A19103F-16F7-4668-BE54-9A1E7A4F7556}") = "H.SPS.Common", "JIESHUN.SST.Common\H.SPS.Common.csproj", "{9126A950-B46F-4C95-A189-691B448C4ABA}"
EndProject
Project("{2150E333-8FDC-42A3-9474-1A3956D46DE8}") = "1-Infrastructure", "1-Infrastructure", "{75EC5850-E7B8-4941-9332-4C6B84A313B1}"
EndProject
Project("{2150E333-8FDC-42A3-9474-1A3956D46DE8}") = "0-Document", "0-Document", "{F806C7DC-CD9E-45E3-8591-8A9F94D362E4}"
EndProject
Project("{2150E333-8FDC-42A3-9474-1A3956D46DE8}") = "3-Application", "3-Application", "{7C402418-EC24-47ED-87A8-F43868B306F3}"
EndProject
Project("{2150E333-8FDC-42A3-9474-1A3956D46DE8}") = "2-Domain", "2-Domain", "{8E6460CC-C7FC-42EF-9668-1A2377A9C99F}"
EndProject
Global
	GlobalSection(SolutionConfigurationPlatforms) = preSolution
		Debug|Any CPU = Debug|Any CPU
		Release|Any CPU = Release|Any CPU
	EndGlobalSection
	GlobalSection(ProjectConfigurationPlatforms) = postSolution
		{2FE04FAC-1FFE-4EE5-BDAD-5212B90F787B}.Debug|Any CPU.ActiveCfg = Debug|Any CPU
		{2FE04FAC-1FFE-4EE5-BDAD-5212B90F787B}.Debug|Any CPU.Build.0 = Debug|Any CPU
		{2FE04FAC-1FFE-4EE5-BDAD-5212B90F787B}.Release|Any CPU.ActiveCfg = Release|Any CPU
		{2FE04FAC-1FFE-4EE5-BDAD-5212B90F787B}.Release|Any CPU.Build.0 = Release|Any CPU
		{ED3DBE04-542C-4F89-9092-950D39EEF1C9}.Debug|Any CPU.ActiveCfg = Debug|Any CPU
		{ED3DBE04-542C-4F89-9092-950D39EEF1C9}.Debug|Any CPU.Build.0 = Debug|Any CPU
		{ED3DBE04-542C-4F89-9092-950D39EEF1C9}.Release|Any CPU.ActiveCfg = Release|Any CPU
		{ED3DBE04-542C-4F89-9092-950D39EEF1C9}.Release|Any CPU.Build.0 = Release|Any CPU
		{9126A950-B46F-4C95-A189-691B448C4ABA}.Debug|Any CPU.ActiveCfg = Debug|Any CPU
		{9126A950-B46F-4C95-A189-691B448C4ABA}.Debug|Any CPU.Build.0 = Debug|Any CPU
		{9126A950-B46F-4C95-A189-691B448C4ABA}.Release|Any CPU.ActiveCfg = Release|Any CPU
		{9126A950-B46F-4C95-A189-691B448C4ABA}.Release|Any CPU.Build.0 = Release|Any CPU
	EndGlobalSection
	GlobalSection(SolutionProperties) = preSolution
		HideSolutionNode = FALSE
	EndGlobalSection
	GlobalSection(NestedProjects) = preSolution
		{2FE04FAC-1FFE-4EE5-BDAD-5212B90F787B} = {8E6460CC-C7FC-42EF-9668-1A2377A9C99F}
		{ED3DBE04-542C-4F89-9092-950D39EEF1C9} = {7C402418-EC24-47ED-87A8-F43868B306F3}
		{9126A950-B46F-4C95-A189-691B448C4ABA} = {75EC5850-E7B8-4941-9332-4C6B84A313B1}
	EndGlobalSection
	GlobalSection(ExtensibilityGlobals) = postSolution
		SolutionGuid = {8F4333C7-4868-4C15-B348-A218D3392838}
	EndGlobalSection
EndGlobal
